
Microsoft Visual Studio Solution File, Format Version 12.00
Project("{FAE04EC0-301F-11D3-BF4B-00C04F79EFBC}") = "OLANG.Runtime", "OLANG.Runtime\OLANG.Runtime.csproj", "{C0F10E19-6F30-4DBC-B79E-A8070DEAED79}"
EndProject
Project("{FAE04EC0-301F-11D3-BF4B-00C04F79EFBC}") = "OLANG.Core", "OLANG.Core\OLANG.Core.csproj", "{704ECCCB-D956-4D76-AD5A-E3D795860670}"
EndProject
Project("{FAE04EC0-301F-11D3-BF4B-00C04F79EFBC}") = "OLANG.Syntax", "OLANG.Syntax\OLANG.Syntax.csproj", "{FA49298B-7090-42A3-ABBA-B3139A857A71}"
EndProject
Project("{FAE04EC0-301F-11D3-BF4B-00C04F79EFBC}") = "OLANG.CLI", "OLANG.CLI\OLANG.CLI.csproj", "{8A05CAA9-4813-4049-B2EE-AC570CB57419}"
EndProject
Project("{FAE04EC0-301F-11D3-BF4B-00C04F79EFBC}") = "OLANG.Diagnostic", "OLANG.Diagnostic\OLANG.Diagnostic.csproj", "{163C881C-6383-490D-9FD8-BCAD90D390D7}"
EndProject
Global
	GlobalSection(SolutionConfigurationPlatforms) = preSolution
		Debug|Any CPU = Debug|Any CPU
		Release|Any CPU = Release|Any CPU
	EndGlobalSection
	GlobalSection(ProjectConfigurationPlatforms) = postSolution
		{C0F10E19-6F30-4DBC-B79E-A8070DEAED79}.Debug|Any CPU.ActiveCfg = Debug|Any CPU
		{C0F10E19-6F30-4DBC-B79E-A8070DEAED79}.Debug|Any CPU.Build.0 = Debug|Any CPU
		{C0F10E19-6F30-4DBC-B79E-A8070DEAED79}.Release|Any CPU.ActiveCfg = Release|Any CPU
		{C0F10E19-6F30-4DBC-B79E-A8070DEAED79}.Release|Any CPU.Build.0 = Release|Any CPU
		{704ECCCB-D956-4D76-AD5A-E3D795860670}.Debug|Any CPU.ActiveCfg = Debug|Any CPU
		{704ECCCB-D956-4D76-AD5A-E3D795860670}.Debug|Any CPU.Build.0 = Debug|Any CPU
		{704ECCCB-D956-4D76-AD5A-E3D795860670}.Release|Any CPU.ActiveCfg = Release|Any CPU
		{704ECCCB-D956-4D76-AD5A-E3D795860670}.Release|Any CPU.Build.0 = Release|Any CPU
		{FA49298B-7090-42A3-ABBA-B3139A857A71}.Debug|Any CPU.ActiveCfg = Debug|Any CPU
		{FA49298B-7090-42A3-ABBA-B3139A857A71}.Debug|Any CPU.Build.0 = Debug|Any CPU
		{FA49298B-7090-42A3-ABBA-B3139A857A71}.Release|Any CPU.ActiveCfg = Release|Any CPU
		{FA49298B-7090-42A3-ABBA-B3139A857A71}.Release|Any CPU.Build.0 = Release|Any CPU
		{8A05CAA9-4813-4049-B2EE-AC570CB57419}.Debug|Any CPU.ActiveCfg = Debug|Any CPU
		{8A05CAA9-4813-4049-B2EE-AC570CB57419}.Debug|Any CPU.Build.0 = Debug|Any CPU
		{8A05CAA9-4813-4049-B2EE-AC570CB57419}.Release|Any CPU.ActiveCfg = Release|Any CPU
		{8A05CAA9-4813-4049-B2EE-AC570CB57419}.Release|Any CPU.Build.0 = Release|Any CPU
		{163C881C-6383-490D-9FD8-BCAD90D390D7}.Debug|Any CPU.ActiveCfg = Debug|Any CPU
		{163C881C-6383-490D-9FD8-BCAD90D390D7}.Debug|Any CPU.Build.0 = Debug|Any CPU
		{163C881C-6383-490D-9FD8-BCAD90D390D7}.Release|Any CPU.ActiveCfg = Release|Any CPU
		{163C881C-6383-490D-9FD8-BCAD90D390D7}.Release|Any CPU.Build.0 = Release|Any CPU
	EndGlobalSection
EndGlobal
